Microsoft Visual Studio Solution File, Format Version 11.00
# Visual Studio 2008

Project("{DE1D6C29-09B8-D103-ECC3-11C0201D2724}") = "Condiment Carnage", "Assembly-CSharp.csproj", "{551A758E-86FD-9C57-A720-C6DC5949D92F}"
EndProject
Global
	GlobalSection(SolutionConfigurationPlatforms) = preSolution
		Debug|Any CPU = Debug|Any CPU
		Release|Any CPU = Release|Any CPU
	EndGlobalSection
	GlobalSection(ProjectConfigurationPlatforms) = postSolution
		{551A758E-86FD-9C57-A720-C6DC5949D92F}.Debug|Any CPU.ActiveCfg = Debug|Any CPU
		{551A758E-86FD-9C57-A720-C6DC5949D92F}.Debug|Any CPU.Build.0 = Debug|Any CPU
		{551A758E-86FD-9C57-A720-C6DC5949D92F}.Release|Any CPU.ActiveCfg = Release|Any CPU
		{551A758E-86FD-9C57-A720-C6DC5949D92F}.Release|Any CPU.Build.0 = Release|Any CPU
	EndGlobalSection
	GlobalSection(SolutionProperties) = preSolution
		HideSolutionNode = FALSE
	EndGlobalSection
	GlobalSection(MonoDevelopProperties) = preSolution
		StartupItem = Assembly-CSharp.csproj
	EndGlobalSection
EndGlobal
